
Microsoft Visual Studio Solution File, Format Version 12.00
# Visual Studio Version 17
VisualStudioVersion = 17.5.33502.453
MinimumVisualStudioVersion = 10.0.40219.1
Project("{FAE04EC0-301F-11D3-BF4B-00C04F79EFBC}") = "ExemploPOO", "ExemploPOO\ExemploPOO.csproj", "{EC6189E8-41D9-495B-B63D-34C4255ED79B}"
EndProject
Global
	GlobalSection(SolutionConfigurationPlatforms) = preSolution
		Debug|Any CPU = Debug|Any CPU
		Release|Any CPU = Release|Any CPU
	EndGlobalSection
	GlobalSection(ProjectConfigurationPlatforms) = postSolution
		{EC6189E8-41D9-495B-B63D-34C4255ED79B}.Debug|Any CPU.ActiveCfg = Debug|Any CPU
		{EC6189E8-41D9-495B-B63D-34C4255ED79B}.Debug|Any CPU.Build.0 = Debug|Any CPU
		{EC6189E8-41D9-495B-B63D-34C4255ED79B}.Release|Any CPU.ActiveCfg = Release|Any CPU
		{EC6189E8-41D9-495B-B63D-34C4255ED79B}.Release|Any CPU.Build.0 = Release|Any CPU
	EndGlobalSection
	GlobalSection(SolutionProperties) = preSolution
		HideSolutionNode = FALSE
	EndGlobalSection
	GlobalSection(ExtensibilityGlobals) = postSolution
		SolutionGuid = {2DACB409-CE1B-4C71-8E8D-23F94E877AED}
	EndGlobalSection
EndGlobal
